
Microsoft Visual Studio Solution File, Format Version 12.00
# Visual Studio Version 16
VisualStudioVersion = 16.0.30330.147
MinimumVisualStudioVersion = 10.0.40219.1
Project("{FAE04EC0-301F-11D3-BF4B-00C04F79EFBC}") = "aspChatApp", "aspChatApp\aspChatApp.csproj", "{F6EA0EF9-B652-479A-9D3B-D851AC42E595}"
EndProject
Global
	GlobalSection(SolutionConfigurationPlatforms) = preSolution
		Debug|Any CPU = Debug|Any CPU
		Release|Any CPU = Release|Any CPU
	EndGlobalSection
	GlobalSection(ProjectConfigurationPlatforms) = postSolution
		{F6EA0EF9-B652-479A-9D3B-D851AC42E595}.Debug|Any CPU.ActiveCfg = Debug|Any CPU
		{F6EA0EF9-B652-479A-9D3B-D851AC42E595}.Debug|Any CPU.Build.0 = Debug|Any CPU
		{F6EA0EF9-B652-479A-9D3B-D851AC42E595}.Release|Any CPU.ActiveCfg = Release|Any CPU
		{F6EA0EF9-B652-479A-9D3B-D851AC42E595}.Release|Any CPU.Build.0 = Release|Any CPU
	EndGlobalSection
	GlobalSection(SolutionProperties) = preSolution
		HideSolutionNode = FALSE
	EndGlobalSection
	GlobalSection(ExtensibilityGlobals) = postSolution
		SolutionGuid = {9D17EC94-A961-4F23-BA93-03511F2DA4C0}
	EndGlobalSection
EndGlobal
